
Microsoft Visual Studio Solution File, Format Version 12.00
# Visual Studio Version 16
VisualStudioVersion = 16.0.29905.134
MinimumVisualStudioVersion = 10.0.40219.1
Project("{FAE04EC0-301F-11D3-BF4B-00C04F79EFBC}") = "poihali", "poihali\poihali.csproj", "{AE05001A-A71B-4E03-A0F4-BDC949716161}"
EndProject
Global
	GlobalSection(SolutionConfigurationPlatforms) = preSolution
		Debug|Any CPU = Debug|Any CPU
		Release|Any CPU = Release|Any CPU
	EndGlobalSection
	GlobalSection(ProjectConfigurationPlatforms) = postSolution
		{AE05001A-A71B-4E03-A0F4-BDC949716161}.Debug|Any CPU.ActiveCfg = Debug|Any CPU
		{AE05001A-A71B-4E03-A0F4-BDC949716161}.Debug|Any CPU.Build.0 = Debug|Any CPU
		{AE05001A-A71B-4E03-A0F4-BDC949716161}.Release|Any CPU.ActiveCfg = Release|Any CPU
		{AE05001A-A71B-4E03-A0F4-BDC949716161}.Release|Any CPU.Build.0 = Release|Any CPU
	EndGlobalSection
	GlobalSection(SolutionProperties) = preSolution
		HideSolutionNode = FALSE
	EndGlobalSection
	GlobalSection(ExtensibilityGlobals) = postSolution
		SolutionGuid = {66354755-60E0-4057-965B-B3F82C05A352}
	EndGlobalSection
EndGlobal
