
Microsoft Visual Studio Solution File, Format Version 12.00
# Visual Studio Version 16
VisualStudioVersion = 16.0.29905.134
MinimumVisualStudioVersion = 10.0.40219.1
Project("{FAE04EC0-301F-11D3-BF4B-00C04F79EFBC}") = "taxi", "taxi\taxi.csproj", "{5455FF3C-41F3-49DB-8C6C-D4EEC7B86F01}"
EndProject
Global
	GlobalSection(SolutionConfigurationPlatforms) = preSolution
		Debug|Any CPU = Debug|Any CPU
		Release|Any CPU = Release|Any CPU
	EndGlobalSection
	GlobalSection(ProjectConfigurationPlatforms) = postSolution
		{5455FF3C-41F3-49DB-8C6C-D4EEC7B86F01}.Debug|Any CPU.ActiveCfg = Debug|Any CPU
		{5455FF3C-41F3-49DB-8C6C-D4EEC7B86F01}.Debug|Any CPU.Build.0 = Debug|Any CPU
		{5455FF3C-41F3-49DB-8C6C-D4EEC7B86F01}.Release|Any CPU.ActiveCfg = Release|Any CPU
		{5455FF3C-41F3-49DB-8C6C-D4EEC7B86F01}.Release|Any CPU.Build.0 = Release|Any CPU
	EndGlobalSection
	GlobalSection(SolutionProperties) = preSolution
		HideSolutionNode = FALSE
	EndGlobalSection
	GlobalSection(ExtensibilityGlobals) = postSolution
		SolutionGuid = {6D9982FC-A0BA-4481-A4C1-D48D1566CA92}
	EndGlobalSection
EndGlobal
